// !$*UTF8*$!
{
	archiveVersion = 1;
	classes = {
	};
	objectVersion = 46;
	objects = {

/* Begin PBXBuildFile section */
		C9F753C44CAF4D355E462F8B /* AppDelegate.swift in Sources */ = {isa = PBXBuildFile; fileRef = C9F75104A0AA0DC98D502219 /* AppDelegate.swift */; };
		C9F756180596C9E22F047F4A /* LaunchScreen.storyboard in Resources */ = {isa = PBXBuildFile; fileRef = C9F75E482B170D8C7B5620C2 /* LaunchScreen.storyboard */; };
		C9F7565C7FBEAE84780C17C2 /* FirstApplicationTests.swift in Sources */ = {isa = PBXBuildFile; fileRef = C9F75678E286BC7BEB53A134 /* FirstApplicationTests.swift */; };
		C9F7584BAF3D9009700C5EA0 /* ViewController.swift in Sources */ = {isa = PBXBuildFile; fileRef = C9F75E850C4F7BA11A60EAFC /* ViewController.swift */; };
		C9F75872F2FBC88AB67034C4 /* Info.plist in Resources */ = {isa = PBXBuildFile; fileRef = C9F758434CA26BCA837CE2FA /* Info.plist */; };
		C9F759A14BE99D70FAEB6B7D /* Assets.xcassets in Resources */ = {isa = PBXBuildFile; fileRef = C9F75D2B4D3AFFBCFBE3C85C /* Assets.xcassets */; };
		C9F75AA95867716FFDF438F8 /* Main.storyboard in Resources */ = {isa = PBXBuildFile; fileRef = C9F75910C1913F072D38D913 /* Main.storyboard */; };
		C9F75ED2EDA08D7F385F8D4F /* Info.plist in Resources */ = {isa = PBXBuildFile; fileRef = C9F75C99EBAB24484CC268B3 /* Info.plist */; };
/* End PBXBuildFile section */

/* Begin PBXContainerItemProxy section */
		C9F75C158DFF3FBE1C32F3ED /* PBXContainerItemProxy */ = {
			isa = PBXContainerItemProxy;
			containerPortal = C9F75DF2EBD8FC4FC7B04297 /* Project object */;
			proxyType = 1;
			remoteGlobalIDString = C9F755C508839BC0EEB83C5F;
			remoteInfo = FirstApplication;
		};
/* End PBXContainerItemProxy section */

/* Begin PBXFileReference section */
		C9F75104A0AA0DC98D502219 /* AppDelegate.swift */ = {isa = PBXFileReference; lastKnownFileType = sourcecode.swift; path = AppDelegate.swift; sourceTree = "<group>"; };
		C9F7517FAB05D86AB9FF76B4 /* FirstApplicationTests.xctest */ = {isa = PBXFileReference; explicitFileType = wrapper.cfbundle; includeInIndex = 0; path = FirstApplicationTests.xctest; sourceTree = BUILT_PRODUCTS_DIR; };
		C9F75396791DDFC1B4F7148B /* Base */ = {isa = PBXFileReference; lastKnownFileType = file.storyboard; name = Base; path = Base.lproj/Main.storyboard; sourceTree = "<group>"; };
		C9F7554A78F3B60CE230E912 /* Base */ = {isa = PBXFileReference; lastKnownFileType = file.storyboard; name = Base; path = Base.lproj/LaunchScreen.storyboard; sourceTree = "<group>"; };
		C9F75678E286BC7BEB53A134 /* FirstApplicationTests.swift */ = {isa = PBXFileReference; lastKnownFileType = sourcecode.swift; path = FirstApplicationTests.swift; sourceTree = "<group>"; };
		C9F758434CA26BCA837CE2FA /* Info.plist */ = {isa = PBXFileReference; lastKnownFileType = text.plist.info; path = Info.plist; sourceTree = "<group>"; };
		C9F759EF8E9F37777CA4F1FC /* FirstApplication.app */ = {isa = PBXFileReference; explicitFileType = wrapper.application; includeInIndex = 0; path = FirstApplication.app; sourceTree = BUILT_PRODUCTS_DIR; };
		C9F75C99EBAB24484CC268B3 /* Info.plist */ = {isa = PBXFileReference; lastKnownFileType = text.plist.info; path = Info.plist; sourceTree = "<group>"; };
		C9F75D2B4D3AFFBCFBE3C85C /* Assets.xcassets */ = {isa = PBXFileReference; lastKnownFileType = folder.assetcatalog; path = Assets.xcassets; sourceTree = "<group>"; };
		C9F75E850C4F7BA11A60EAFC /* ViewController.swift */ = {isa = PBXFileReference; lastKnownFileType = sourcecode.swift; path = ViewController.swift; sourceTree = "<group>"; };
/* End PBXFileReference section */

/* Begin PBXFrameworksBuildPhase section */
		C9F75116B8E402FDC574EEB0 /* Frameworks */ = {
			isa = PBXFrameworksBuildPhase;
			buildActionMask = 2147483647;
			files = (
			);
			runOnlyForDeploymentPostprocessing = 0;
		};
		C9F7540A5AF56728957A452E /* Frameworks */ = {
			isa = PBXFrameworksBuildPhase;
			buildActionMask = 2147483647;
			files = (
			);
			runOnlyForDeploymentPostprocessing = 0;
		};
/* End PBXFrameworksBuildPhase section */

/* Begin PBXGroup section */
		C9F751C60DFBF05134D058FC /* FirstApplication */ = {
			isa = PBXGroup;
			children = (
				C9F75C99EBAB24484CC268B3 /* Info.plist */,
				C9F75D2B4D3AFFBCFBE3C85C /* Assets.xcassets */,
				C9F75E482B170D8C7B5620C2 /* LaunchScreen.storyboard */,
				C9F75104A0AA0DC98D502219 /* AppDelegate.swift */,
				C9F75910C1913F072D38D913 /* Main.storyboard */,
				C9F75E850C4F7BA11A60EAFC /* ViewController.swift */,
			);
			path = FirstApplication;
			sourceTree = "<group>";
		};
		C9F756C4A47E22E8EF7C26F6 = {
			isa = PBXGroup;
			children = (
				C9F75A321F65F8C69DD0615B /* Products */,
				C9F751C60DFBF05134D058FC /* FirstApplication */,
				C9F75CD72715C62B1BC511EF /* FirstApplicationTests */,
			);
			sourceTree = "<group>";
		};
		C9F75A321F65F8C69DD0615B /* Products */ = {
			isa = PBXGroup;
			children = (
				C9F759EF8E9F37777CA4F1FC /* FirstApplication.app */,
				C9F7517FAB05D86AB9FF76B4 /* FirstApplicationTests.xctest */,
			);
			name = Products;
			sourceTree = "<group>";
		};
		C9F75CD72715C62B1BC511EF /* FirstApplicationTests */ = {
			isa = PBXGroup;
			children = (
				C9F758434CA26BCA837CE2FA /* Info.plist */,
				C9F75678E286BC7BEB53A134 /* FirstApplicationTests.swift */,
			);
			path = FirstApplicationTests;
			sourceTree = "<group>";
		};
/* End PBXGroup section */

/* Begin PBXNativeTarget section */
		C9F755C508839BC0EEB83C5F /* FirstApplication */ = {
			isa = PBXNativeTarget;
			buildConfigurationList = C9F758CAD008DB46A8D6B19B /* Build configuration list for PBXNativeTarget "FirstApplication" */;
			buildPhases = (
				C9F751720704F6637C3CA74C /* Sources */,
				C9F7540A5AF56728957A452E /* Frameworks */,
				C9F75742D1D1AFE3B16D3F0A /* Resources */,
			);
			buildRules = (
			);
			dependencies = (
			);
			name = FirstApplication;
			productName = FirstApplication;
			productReference = C9F759EF8E9F37777CA4F1FC /* FirstApplication.app */;
			productType = "com.apple.product-type.application";
		};
		C9F756A54873E5E7702C246A /* FirstApplicationTests */ = {
			isa = PBXNativeTarget;
			buildConfigurationList = C9F753601B5990E3975D02F9 /* Build configuration list for PBXNativeTarget "FirstApplicationTests" */;
			buildPhases = (
				C9F758D256F572BEF123346B /* Sources */,
				C9F75116B8E402FDC574EEB0 /* Frameworks */,
				C9F7568FC47AAE70DAC857EB /* Resources */,
			);
			buildRules = (
			);
			dependencies = (
				C9F75E6A3781F3577D9FA065 /* PBXTargetDependency */,
			);
			name = FirstApplicationTests;
			productName = FirstApplicationTests;
			productReference = C9F7517FAB05D86AB9FF76B4 /* FirstApplicationTests.xctest */;
			productType = "com.apple.product-type.bundle.unit-test";
		};
/* End PBXNativeTarget section */

/* Begin PBXProject section */
		C9F75DF2EBD8FC4FC7B04297 /* Project object */ = {
			isa = PBXProject;
			attributes = {
				LastSwiftUpdateCheck = 0720;
				ORGANIZATIONNAME = Anchorer;
			};
			buildConfigurationList = C9F7573032BCD826526D9CD6 /* Build configuration list for PBXProject "FirstApplication" */;
			compatibilityVersion = "Xcode 3.2";
			developmentRegion = English;
			hasScannedForEncodings = 0;
			knownRegions = (
				en,
			);
			mainGroup = C9F756C4A47E22E8EF7C26F6;
			productRefGroup = C9F75A321F65F8C69DD0615B /* Products */;
			projectDirPath = "";
			projectRoot = "";
			targets = (
				C9F755C508839BC0EEB83C5F /* FirstApplication */,
				C9F756A54873E5E7702C246A /* FirstApplicationTests */,
			);
		};
/* End PBXProject section */

/* Begin PBXResourcesBuildPhase section */
		C9F7568FC47AAE70DAC857EB /* Resources */ = {
			isa = PBXResourcesBuildPhase;
			buildActionMask = 2147483647;
			files = (
				C9F75872F2FBC88AB67034C4 /* Info.plist in Resources */,
			);
			runOnlyForDeploymentPostprocessing = 0;
		};
		C9F75742D1D1AFE3B16D3F0A /* Resources */ = {
			isa = PBXResourcesBuildPhase;
			buildActionMask = 2147483647;
			files = (
				C9F75ED2EDA08D7F385F8D4F /* Info.plist in Resources */,
				C9F759A14BE99D70FAEB6B7D /* Assets.xcassets in Resources */,
				C9F756180596C9E22F047F4A /* LaunchScreen.storyboard in Resources */,
				C9F75AA95867716FFDF438F8 /* Main.storyboard in Resources */,
			);
			runOnlyForDeploymentPostprocessing = 0;
		};
/* End PBXResourcesBuildPhase section */

/* Begin PBXSourcesBuildPhase section */
		C9F751720704F6637C3CA74C /* Sources */ = {
			isa = PBXSourcesBuildPhase;
			buildActionMask = 2147483647;
			files = (
				C9F753C44CAF4D355E462F8B /* AppDelegate.swift in Sources */,
				C9F7584BAF3D9009700C5EA0 /* ViewController.swift in Sources */,
			);
			runOnlyForDeploymentPostprocessing = 0;
		};
		C9F758D256F572BEF123346B /* Sources */ = {
			isa = PBXSourcesBuildPhase;
			buildActionMask = 2147483647;
			files = (
				C9F7565C7FBEAE84780C17C2 /* FirstApplicationTests.swift in Sources */,
			);
			runOnlyForDeploymentPostprocessing = 0;
		};
/* End PBXSourcesBuildPhase section */

/* Begin PBXTargetDependency section */
		C9F75E6A3781F3577D9FA065 /* PBXTargetDependency */ = {
			isa = PBXTargetDependency;
			target = C9F755C508839BC0EEB83C5F /* FirstApplication */;
			targetProxy = C9F75C158DFF3FBE1C32F3ED /* PBXContainerItemProxy */;
		};
/* End PBXTargetDependency section */

/* Begin PBXVariantGroup section */
		C9F75910C1913F072D38D913 /* Main.storyboard */ = {
			isa = PBXVariantGroup;
			children = (
				C9F75396791DDFC1B4F7148B /* Base */,
			);
			name = Main.storyboard;
			sourceTree = "<group>";
		};
		C9F75E482B170D8C7B5620C2 /* LaunchScreen.storyboard */ = {
			isa = PBXVariantGroup;
			children = (
				C9F7554A78F3B60CE230E912 /* Base */,
			);
			name = LaunchScreen.storyboard;
			sourceTree = "<group>";
		};
/* End PBXVariantGroup section */

/* Begin XCBuildConfiguration section */
		C9F7507CDFFFA79B4DBC7C05 /* Debug */ = {
			isa = XCBuildConfiguration;
			buildSettings = {
				ALWAYS_SEARCH_USER_PATHS = NO;
				CLANG_CXX_LANGUAGE_STANDARD = "gnu++0x";
				CLANG_CXX_LIBRARY = "libc++";
				CLANG_ENABLE_MODULES = YES;
				CLANG_ENABLE_OBJC_ARC = YES;
				CLANG_WARN_BOOL_CONVERSION = YES;
				CLANG_WARN_CONSTANT_CONVERSION = YES;
				CLANG_WARN_DIRECT_OBJC_ISA_USAGE = YES_ERROR;
				CLANG_WARN_EMPTY_BODY = YES;
				CLANG_WARN_ENUM_CONVERSION = YES;
				CLANG_WARN_INT_CONVERSION = YES;
				CLANG_WARN_OBJC_ROOT_CLASS = YES_ERROR;
				CLANG_WARN_UNREACHABLE_CODE = YES;
				CLANG_WARN__DUPLICATE_METHOD_MATCH = YES;
				"CODE_SIGN_IDENTITY[sdk=iphoneos*]" = "iPhone Developer";
				COPY_PHASE_STRIP = NO;
				DEBUG_INFORMATION_FORMAT = dwarf;
				ENABLE_STRICT_OBJC_MSGSEND = YES;
				ENABLE_TESTABILITY = YES;
				GCC_C_LANGUAGE_STANDARD = gnu99;
				GCC_DYNAMIC_NO_PIC = NO;
				GCC_NO_COMMON_BLOCKS = YES;
				GCC_OPTIMIZATION_LEVEL = 0;
				GCC_PREPROCESSOR_DEFINITIONS = (
					"DEBUG=1",
					"$(inherited)",
				);
				GCC_WARN_64_TO_32_BIT_CONVERSION = YES;
				GCC_WARN_ABOUT_RETURN_TYPE = YES_ERROR;
				GCC_WARN_UNDECLARED_SELECTOR = YES;
				GCC_WARN_UNINITIALIZED_AUTOS = YES_AGGRESSIVE;
				GCC_WARN_UNUSED_FUNCTION = YES;
				GCC_WARN_UNUSED_VARIABLE = YES;
				IPHONEOS_DEPLOYMENT_TARGET = 9.2;
				MTL_ENABLE_DEBUG_INFO = YES;
				ONLY_ACTIVE_ARCH = YES;
				SDKROOT = iphoneos;
				SWIFT_OPTIMIZATION_LEVEL = "-Onone";
				TARGETED_DEVICE_FAMILY = "1,2";
			};
			name = Debug;
		};
		C9F7516488B4CDF0664AEE00 /* Debug */ = {
			isa = XCBuildConfiguration;
			buildSettings = {
				ASSETCATALOG_COMPILER_APPICON_NAME = AppIcon;
				INFOPLIST_FILE = FirstApplication/Info.plist;
				LD_RUNPATH_SEARCH_PATHS = "$(inherited) @executable_path/Frameworks";
				PRODUCT_BUNDLE_IDENTIFIER = org.anchorer.FirstApplication;
				PRODUCT_NAME = "$(TARGET_NAME)";
			};
			name = Debug;
		};
		C9F755F321776FAFA3F0456A /* Release */ = {
			isa = XCBuildConfiguration;
			buildSettings = {
				ALWAYS_SEARCH_USER_PATHS = NO;
				CLANG_CXX_LANGUAGE_STANDARD = "gnu++0x";
				CLANG_CXX_LIBRARY = "libc++";
				CLANG_ENABLE_MODULES = YES;
				CLANG_ENABLE_OBJC_ARC = YES;
				CLANG_WARN_BOOL_CONVERSION = YES;
				CLANG_WARN_CONSTANT_CONVERSION = YES;
				CLANG_WARN_DIRECT_OBJC_ISA_USAGE = YES_ERROR;
				CLANG_WARN_EMPTY_BODY = YES;
				CLANG_WARN_ENUM_CONVERSION = YES;
				CLANG_WARN_INT_CONVERSION = YES;
				CLANG_WARN_OBJC_ROOT_CLASS = YES_ERROR;
				CLANG_WARN_UNREACHABLE_CODE = YES;
				CLANG_WARN__DUPLICATE_METHOD_MATCH = YES;
				"CODE_SIGN_IDENTITY[sdk=iphoneos*]" = "iPhone Developer";
				COPY_PHASE_STRIP = NO;
				DEBUG_INFORMATION_FORMAT = "dwarf-with-dsym";
				ENABLE_NS_ASSERTIONS = NO;
				ENABLE_STRICT_OBJC_MSGSEND = YES;
				GCC_C_LANGUAGE_STANDARD = gnu99;
				GCC_NO_COMMON_BLOCKS = YES;
				GCC_WARN_64_TO_32_BIT_CONVERSION = YES;
				GCC_WARN_ABOUT_RETURN_TYPE = YES_ERROR;
				GCC_WARN_UNDECLARED_SELECTOR = YES;
				GCC_WARN_UNINITIALIZED_AUTOS = YES_AGGRESSIVE;
				GCC_WARN_UNUSED_FUNCTION = YES;
				GCC_WARN_UNUSED_VARIABLE = YES;
				IPHONEOS_DEPLOYMENT_TARGET = 9.2;
				MTL_ENABLE_DEBUG_INFO = NO;
				SDKROOT = iphoneos;
				TARGETED_DEVICE_FAMILY = "1,2";
				VALIDATE_PRODUCT = YES;
			};
			name = Release;
		};
		C9F756BD354962D8DDFDA3AA /* Release */ = {
			isa = XCBuildConfiguration;
			buildSettings = {
				ASSETCATALOG_COMPILER_APPICON_NAME = AppIcon;
				INFOPLIST_FILE = FirstApplication/Info.plist;
				LD_RUNPATH_SEARCH_PATHS = "$(inherited) @executable_path/Frameworks";
				PRODUCT_BUNDLE_IDENTIFIER = org.anchorer.FirstApplication;
				PRODUCT_NAME = "$(TARGET_NAME)";
			};
			name = Release;
		};
		C9F75E4EC0D3486FDD002C38 /* Debug */ = {
			isa = XCBuildConfiguration;
			buildSettings = {
				BUNDLE_LOADER = "$(BUILT_PRODUCTS_DIR)/FirstApplication.app/FirstApplication";
				INFOPLIST_FILE = FirstApplicationTests/Info.plist;
				LD_RUNPATH_SEARCH_PATHS = "$(inherited) @executable_path/Frameworks @loader_path/Frameworks";
				PRODUCT_BUNDLE_IDENTIFIER = org.anchorer.FirstApplicationTests;
				PRODUCT_NAME = "$(TARGET_NAME)";
				TEST_HOST = "$(BUNDLE_LOADER)";
			};
			name = Debug;
		};
		C9F75FBC1FE26FCFB2FB06DC /* Release */ = {
			isa = XCBuildConfiguration;
			buildSettings = {
				BUNDLE_LOADER = "$(BUILT_PRODUCTS_DIR)/FirstApplication.app/FirstApplication";
				INFOPLIST_FILE = FirstApplicationTests/Info.plist;
				LD_RUNPATH_SEARCH_PATHS = "$(inherited) @executable_path/Frameworks @loader_path/Frameworks";
				PRODUCT_BUNDLE_IDENTIFIER = org.anchorer.FirstApplicationTests;
				PRODUCT_NAME = "$(TARGET_NAME)";
				TEST_HOST = "$(BUNDLE_LOADER)";
			};
			name = Release;
		};
/* End XCBuildConfiguration section */

/* Begin XCConfigurationList section */
		C9F753601B5990E3975D02F9 /* Build configuration list for PBXNativeTarget "FirstApplicationTests" */ = {
			isa = XCConfigurationList;
			buildConfigurations = (
				C9F75E4EC0D3486FDD002C38 /* Debug */,
				C9F75FBC1FE26FCFB2FB06DC /* Release */,
			);
			defaultConfigurationIsVisible = 0;
			defaultConfigurationName = Release;
		};
		C9F7573032BCD826526D9CD6 /* Build configuration list for PBXProject "FirstApplication" */ = {
			isa = XCConfigurationList;
			buildConfigurations = (
				C9F7507CDFFFA79B4DBC7C05 /* Debug */,
				C9F755F321776FAFA3F0456A /* Release */,
			);
			defaultConfigurationIsVisible = 0;
			defaultConfigurationName = Release;
		};
		C9F758CAD008DB46A8D6B19B /* Build configuration list for PBXNativeTarget "FirstApplication" */ = {
			isa = XCConfigurationList;
			buildConfigurations = (
				C9F7516488B4CDF0664AEE00 /* Debug */,
				C9F756BD354962D8DDFDA3AA /* Release */,
			);
			defaultConfigurationIsVisible = 0;
			defaultConfigurationName = Release;
		};
/* End XCConfigurationList section */
	};
	rootObject = C9F75DF2EBD8FC4FC7B04297 /* Project object */;
}
